
Microsoft Visual Studio Solution File, Format Version 12.00
# Visual Studio Version 17
VisualStudioVersion = 17.5.33530.505
MinimumVisualStudioVersion = 10.0.40219.1
Project("{FAE04EC0-301F-11D3-BF4B-00C04F79EFBC}") = "ContainerizedFunctionApp", "ContainerizedFunctionApp\ContainerizedFunctionApp.csproj", "{C33D33F8-0347-41F5-81EF-5D6EE0A4E699}"
EndProject
Global
	GlobalSection(SolutionConfigurationPlatforms) = preSolution
		Debug|Any CPU = Debug|Any CPU
		Release|Any CPU = Release|Any CPU
	EndGlobalSection
	GlobalSection(ProjectConfigurationPlatforms) = postSolution
		{C33D33F8-0347-41F5-81EF-5D6EE0A4E699}.Debug|Any CPU.ActiveCfg = Debug|Any CPU
		{C33D33F8-0347-41F5-81EF-5D6EE0A4E699}.Debug|Any CPU.Build.0 = Debug|Any CPU
		{C33D33F8-0347-41F5-81EF-5D6EE0A4E699}.Release|Any CPU.ActiveCfg = Release|Any CPU
		{C33D33F8-0347-41F5-81EF-5D6EE0A4E699}.Release|Any CPU.Build.0 = Release|Any CPU
	EndGlobalSection
	GlobalSection(SolutionProperties) = preSolution
		HideSolutionNode = FALSE
	EndGlobalSection
	GlobalSection(ExtensibilityGlobals) = postSolution
		SolutionGuid = {B5ED6176-F4C3-43E0-AAC0-78B1862FFFE9}
	EndGlobalSection
EndGlobal
